
Microsoft Visual Studio Solution File, Format Version 12.00
# Visual Studio Version 17
VisualStudioVersion = 17.7.34031.279
MinimumVisualStudioVersion = 10.0.40219.1
Project("{FAE04EC0-301F-11D3-BF4B-00C04F79EFBC}") = "HotelApp2", "HotelApp2.csproj", "{56542092-514C-49F6-B86D-9CEE11DB5DBD}"
EndProject
Global
	GlobalSection(SolutionConfigurationPlatforms) = preSolution
		Debug|Any CPU = Debug|Any CPU
		Release|Any CPU = Release|Any CPU
	EndGlobalSection
	GlobalSection(ProjectConfigurationPlatforms) = postSolution
		{56542092-514C-49F6-B86D-9CEE11DB5DBD}.Debug|Any CPU.ActiveCfg = Debug|Any CPU
		{56542092-514C-49F6-B86D-9CEE11DB5DBD}.Debug|Any CPU.Build.0 = Debug|Any CPU
		{56542092-514C-49F6-B86D-9CEE11DB5DBD}.Release|Any CPU.ActiveCfg = Release|Any CPU
		{56542092-514C-49F6-B86D-9CEE11DB5DBD}.Release|Any CPU.Build.0 = Release|Any CPU
	EndGlobalSection
	GlobalSection(SolutionProperties) = preSolution
		HideSolutionNode = FALSE
	EndGlobalSection
	GlobalSection(ExtensibilityGlobals) = postSolution
		SolutionGuid = {BC13736F-0713-46FA-9780-0FA42444461E}
	EndGlobalSection
EndGlobal
